
Microsoft Visual Studio Solution File, Format Version 12.00
# Visual Studio Version 17
VisualStudioVersion = 17.10.35122.118
MinimumVisualStudioVersion = 10.0.40219.1
Project("{FAE04EC0-301F-11D3-BF4B-00C04F79EFBC}") = "ConsoleBanking", "ConsoleBanking\ConsoleBanking.csproj", "{53E20B06-700C-4387-B6AF-2122A43951F8}"
EndProject
Global
	GlobalSection(SolutionConfigurationPlatforms) = preSolution
		Debug|Any CPU = Debug|Any CPU
		Release|Any CPU = Release|Any CPU
	EndGlobalSection
	GlobalSection(ProjectConfigurationPlatforms) = postSolution
		{53E20B06-700C-4387-B6AF-2122A43951F8}.Debug|Any CPU.ActiveCfg = Debug|Any CPU
		{53E20B06-700C-4387-B6AF-2122A43951F8}.Debug|Any CPU.Build.0 = Debug|Any CPU
		{53E20B06-700C-4387-B6AF-2122A43951F8}.Release|Any CPU.ActiveCfg = Release|Any CPU
		{53E20B06-700C-4387-B6AF-2122A43951F8}.Release|Any CPU.Build.0 = Release|Any CPU
	EndGlobalSection
	GlobalSection(SolutionProperties) = preSolution
		HideSolutionNode = FALSE
	EndGlobalSection
	GlobalSection(ExtensibilityGlobals) = postSolution
		SolutionGuid = {D4A26F7D-80A7-44BF-AFBF-BBAC761873F3}
	EndGlobalSection
EndGlobal
